
Microsoft Visual Studio Solution File, Format Version 12.00
# Visual Studio Version 17
VisualStudioVersion = 17.8.34330.188
MinimumVisualStudioVersion = 10.0.40219.1
Project("{9A19103F-16F7-4668-BE54-9A1E7A4F7556}") = "Web", "Web\Web.csproj", "{637A88D2-2676-4C86-A086-B1E853B7D6CC}"
EndProject
Project("{9A19103F-16F7-4668-BE54-9A1E7A4F7556}") = "Domain", "Data\Domain.csproj", "{8941AFC2-82C8-4B13-8357-A2EFFD2A864C}"
EndProject
Project("{9A19103F-16F7-4668-BE54-9A1E7A4F7556}") = "Infrastructure", "Infrastructure\Infrastructure.csproj", "{93AFD2A3-A236-47A2-916C-EC98073624E7}"
EndProject
Project("{9A19103F-16F7-4668-BE54-9A1E7A4F7556}") = "Services", "Services\Services.csproj", "{164B57DB-3552-4D18-98B1-4DE8A671197C}"
EndProject
Global
	GlobalSection(SolutionConfigurationPlatforms) = preSolution
		Debug|Any CPU = Debug|Any CPU
		Release|Any CPU = Release|Any CPU
	EndGlobalSection
	GlobalSection(ProjectConfigurationPlatforms) = postSolution
		{637A88D2-2676-4C86-A086-B1E853B7D6CC}.Debug|Any CPU.ActiveCfg = Debug|Any CPU
		{637A88D2-2676-4C86-A086-B1E853B7D6CC}.Debug|Any CPU.Build.0 = Debug|Any CPU
		{637A88D2-2676-4C86-A086-B1E853B7D6CC}.Release|Any CPU.ActiveCfg = Release|Any CPU
		{637A88D2-2676-4C86-A086-B1E853B7D6CC}.Release|Any CPU.Build.0 = Release|Any CPU
		{8941AFC2-82C8-4B13-8357-A2EFFD2A864C}.Debug|Any CPU.ActiveCfg = Debug|Any CPU
		{8941AFC2-82C8-4B13-8357-A2EFFD2A864C}.Debug|Any CPU.Build.0 = Debug|Any CPU
		{8941AFC2-82C8-4B13-8357-A2EFFD2A864C}.Release|Any CPU.ActiveCfg = Release|Any CPU
		{8941AFC2-82C8-4B13-8357-A2EFFD2A864C}.Release|Any CPU.Build.0 = Release|Any CPU
		{93AFD2A3-A236-47A2-916C-EC98073624E7}.Debug|Any CPU.ActiveCfg = Debug|Any CPU
		{93AFD2A3-A236-47A2-916C-EC98073624E7}.Debug|Any CPU.Build.0 = Debug|Any CPU
		{93AFD2A3-A236-47A2-916C-EC98073624E7}.Release|Any CPU.ActiveCfg = Release|Any CPU
		{93AFD2A3-A236-47A2-916C-EC98073624E7}.Release|Any CPU.Build.0 = Release|Any CPU
		{164B57DB-3552-4D18-98B1-4DE8A671197C}.Debug|Any CPU.ActiveCfg = Debug|Any CPU
		{164B57DB-3552-4D18-98B1-4DE8A671197C}.Debug|Any CPU.Build.0 = Debug|Any CPU
		{164B57DB-3552-4D18-98B1-4DE8A671197C}.Release|Any CPU.ActiveCfg = Release|Any CPU
		{164B57DB-3552-4D18-98B1-4DE8A671197C}.Release|Any CPU.Build.0 = Release|Any CPU
	EndGlobalSection
	GlobalSection(SolutionProperties) = preSolution
		HideSolutionNode = FALSE
	EndGlobalSection
	GlobalSection(ExtensibilityGlobals) = postSolution
		SolutionGuid = {B11151F9-81D1-45E3-8AA6-59A1010EFF52}
	EndGlobalSection
EndGlobal
